
Microsoft Visual Studio Solution File, Format Version 12.00
# Visual Studio 15
Project("{FAE04EC0-301F-11D3-BF4B-00C04F79EFBC}") = "Assembly-CSharp", "Assembly-CSharp.csproj", "{ACFFE818-C9C6-064D-E3A4-1CE5C07CB95E}"
EndProject
Project("{FAE04EC0-301F-11D3-BF4B-00C04F79EFBC}") = "Assembly-CSharp-Editor", "Assembly-CSharp-Editor.csproj", "{274A9385-4E31-CA10-73B0-A9B825E821D0}"
EndProject
Global
	GlobalSection(SolutionConfigurationPlatforms) = preSolution
		Debug|Any CPU = Debug|Any CPU
		Release|Any CPU = Release|Any CPU
	EndGlobalSection
	GlobalSection(ProjectConfigurationPlatforms) = postSolution
		{ACFFE818-C9C6-064D-E3A4-1CE5C07CB95E}.Debug|Any CPU.ActiveCfg = Debug|Any CPU
		{ACFFE818-C9C6-064D-E3A4-1CE5C07CB95E}.Debug|Any CPU.Build.0 = Debug|Any CPU
		{ACFFE818-C9C6-064D-E3A4-1CE5C07CB95E}.Release|Any CPU.ActiveCfg = Release|Any CPU
		{ACFFE818-C9C6-064D-E3A4-1CE5C07CB95E}.Release|Any CPU.Build.0 = Release|Any CPU
		{274A9385-4E31-CA10-73B0-A9B825E821D0}.Debug|Any CPU.ActiveCfg = Debug|Any CPU
		{274A9385-4E31-CA10-73B0-A9B825E821D0}.Debug|Any CPU.Build.0 = Debug|Any CPU
		{274A9385-4E31-CA10-73B0-A9B825E821D0}.Release|Any CPU.ActiveCfg = Release|Any CPU
		{274A9385-4E31-CA10-73B0-A9B825E821D0}.Release|Any CPU.Build.0 = Release|Any CPU
	EndGlobalSection
	GlobalSection(SolutionProperties) = preSolution
		HideSolutionNode = FALSE
	EndGlobalSection
EndGlobal
